
Microsoft Visual Studio Solution File, Format Version 12.00
# Visual Studio 15
VisualStudioVersion = 15.0.27703.2035
MinimumVisualStudioVersion = 10.0.40219.1
Project("{2150E333-8FDC-42A3-9474-1A3956D46DE8}") = "src", "src", "{44905836-819F-4E52-BF6F-5A861C8EB811}"
EndProject
Project("{2150E333-8FDC-42A3-9474-1A3956D46DE8}") = "Solution Items", "Solution Items", "{5FA80FBE-0E83-450F-A986-7017AC4EC8B9}"
	ProjectSection(SolutionItems) = preProject
		NuGet.Config = NuGet.Config
	EndProjectSection
EndProject
Project("{2150E333-8FDC-42A3-9474-1A3956D46DE8}") = "ddpa-web", "ddpa-web", "{62488563-FA0C-482E-A176-3E61E57AE57C}"
EndProject
Project("{2150E333-8FDC-42A3-9474-1A3956D46DE8}") = "ddpa-repository", "ddpa-repository", "{3C22782F-A772-4014-9811-8628A0C5C91C}"
EndProject
Project("{9A19103F-16F7-4668-BE54-9A1E7A4F7556}") = "DDPA.SQL.Repositories", "src\ddpa-repository\DDPA.SQL.Repositories\DDPA.SQL.Repositories.csproj", "{D0CE422B-0590-457E-82FB-4B7EB7687E69}"
EndProject
Project("{9A19103F-16F7-4668-BE54-9A1E7A4F7556}") = "DDPA.SQL.Entities", "src\ddpa-repository\DDPA.SQL.Entities\DDPA.SQL.Entities.csproj", "{72E08F90-3980-478D-B400-D9096165ACF4}"
EndProject
Project("{2150E333-8FDC-42A3-9474-1A3956D46DE8}") = "ddpa-service", "ddpa-service", "{E0E7845D-4B9B-476F-87D0-3838B2CFE975}"
EndProject
Project("{9A19103F-16F7-4668-BE54-9A1E7A4F7556}") = "DDPA.Service", "src\ddpa-service\DDPA.Service\DDPA.Service.csproj", "{2F6EE78C-BFE5-4E2B-8CC3-1CD65961032A}"
EndProject
Project("{2150E333-8FDC-42A3-9474-1A3956D46DE8}") = "ddpa-core", "ddpa-core", "{7571FDE8-35A2-4886-9EDC-BC8670FB1C05}"
EndProject
Project("{9A19103F-16F7-4668-BE54-9A1E7A4F7556}") = "DDPA.DTO", "src\ddpa-core\DDPA.DTO\DDPA.DTO.csproj", "{A61A10E0-1F84-4304-BA8B-6EDD754C22B9}"
EndProject
Project("{9A19103F-16F7-4668-BE54-9A1E7A4F7556}") = "DDPA.Commons", "src\ddpa-core\DDPA.Commons\DDPA.Commons.csproj", "{AE68660E-C055-46EE-836E-3E173EEBCB89}"
EndProject
Project("{9A19103F-16F7-4668-BE54-9A1E7A4F7556}") = "DDPA.Validation", "src\ddpa-service\DDPA.Validation\DDPA.Validation.csproj", "{1F76B787-A1A7-434C-9727-2A71130CCC9A}"
EndProject
Project("{9A19103F-16F7-4668-BE54-9A1E7A4F7556}") = "DDPA.Web", "src\ddpa-web\DDPA.Web\DDPA.Web.csproj", "{55A65066-CF93-4355-A3CF-BD043B589708}"
EndProject
Global
	GlobalSection(SolutionConfigurationPlatforms) = preSolution
		Debug|Any CPU = Debug|Any CPU
		Debug|x64 = Debug|x64
		Debug|x86 = Debug|x86
		Release|Any CPU = Release|Any CPU
		Release|x64 = Release|x64
		Release|x86 = Release|x86
	EndGlobalSection
	GlobalSection(ProjectConfigurationPlatforms) = postSolution
		{D0CE422B-0590-457E-82FB-4B7EB7687E69}.Debug|Any CPU.ActiveCfg = Debug|Any CPU
		{D0CE422B-0590-457E-82FB-4B7EB7687E69}.Debug|Any CPU.Build.0 = Debug|Any CPU
		{D0CE422B-0590-457E-82FB-4B7EB7687E69}.Debug|x64.ActiveCfg = Debug|Any CPU
		{D0CE422B-0590-457E-82FB-4B7EB7687E69}.Debug|x64.Build.0 = Debug|Any CPU
		{D0CE422B-0590-457E-82FB-4B7EB7687E69}.Debug|x86.ActiveCfg = Debug|Any CPU
		{D0CE422B-0590-457E-82FB-4B7EB7687E69}.Debug|x86.Build.0 = Debug|Any CPU
		{D0CE422B-0590-457E-82FB-4B7EB7687E69}.Release|Any CPU.ActiveCfg = Release|Any CPU
		{D0CE422B-0590-457E-82FB-4B7EB7687E69}.Release|Any CPU.Build.0 = Release|Any CPU
		{D0CE422B-0590-457E-82FB-4B7EB7687E69}.Release|x64.ActiveCfg = Release|Any CPU
		{D0CE422B-0590-457E-82FB-4B7EB7687E69}.Release|x64.Build.0 = Release|Any CPU
		{D0CE422B-0590-457E-82FB-4B7EB7687E69}.Release|x86.ActiveCfg = Release|Any CPU
		{D0CE422B-0590-457E-82FB-4B7EB7687E69}.Release|x86.Build.0 = Release|Any CPU
		{72E08F90-3980-478D-B400-D9096165ACF4}.Debug|Any CPU.ActiveCfg = Debug|Any CPU
		{72E08F90-3980-478D-B400-D9096165ACF4}.Debug|Any CPU.Build.0 = Debug|Any CPU
		{72E08F90-3980-478D-B400-D9096165ACF4}.Debug|x64.ActiveCfg = Debug|Any CPU
		{72E08F90-3980-478D-B400-D9096165ACF4}.Debug|x64.Build.0 = Debug|Any CPU
		{72E08F90-3980-478D-B400-D9096165ACF4}.Debug|x86.ActiveCfg = Debug|Any CPU
		{72E08F90-3980-478D-B400-D9096165ACF4}.Debug|x86.Build.0 = Debug|Any CPU
		{72E08F90-3980-478D-B400-D9096165ACF4}.Release|Any CPU.ActiveCfg = Release|Any CPU
		{72E08F90-3980-478D-B400-D9096165ACF4}.Release|Any CPU.Build.0 = Release|Any CPU
		{72E08F90-3980-478D-B400-D9096165ACF4}.Release|x64.ActiveCfg = Release|Any CPU
		{72E08F90-3980-478D-B400-D9096165ACF4}.Release|x64.Build.0 = Release|Any CPU
		{72E08F90-3980-478D-B400-D9096165ACF4}.Release|x86.ActiveCfg = Release|Any CPU
		{72E08F90-3980-478D-B400-D9096165ACF4}.Release|x86.Build.0 = Release|Any CPU
		{2F6EE78C-BFE5-4E2B-8CC3-1CD65961032A}.Debug|Any CPU.ActiveCfg = Debug|Any CPU
		{2F6EE78C-BFE5-4E2B-8CC3-1CD65961032A}.Debug|Any CPU.Build.0 = Debug|Any CPU
		{2F6EE78C-BFE5-4E2B-8CC3-1CD65961032A}.Debug|x64.ActiveCfg = Debug|Any CPU
		{2F6EE78C-BFE5-4E2B-8CC3-1CD65961032A}.Debug|x64.Build.0 = Debug|Any CPU
		{2F6EE78C-BFE5-4E2B-8CC3-1CD65961032A}.Debug|x86.ActiveCfg = Debug|Any CPU
		{2F6EE78C-BFE5-4E2B-8CC3-1CD65961032A}.Debug|x86.Build.0 = Debug|Any CPU
		{2F6EE78C-BFE5-4E2B-8CC3-1CD65961032A}.Release|Any CPU.ActiveCfg = Release|Any CPU
		{2F6EE78C-BFE5-4E2B-8CC3-1CD65961032A}.Release|Any CPU.Build.0 = Release|Any CPU
		{2F6EE78C-BFE5-4E2B-8CC3-1CD65961032A}.Release|x64.ActiveCfg = Release|Any CPU
		{2F6EE78C-BFE5-4E2B-8CC3-1CD65961032A}.Release|x64.Build.0 = Release|Any CPU
		{2F6EE78C-BFE5-4E2B-8CC3-1CD65961032A}.Release|x86.ActiveCfg = Release|Any CPU
		{2F6EE78C-BFE5-4E2B-8CC3-1CD65961032A}.Release|x86.Build.0 = Release|Any CPU
		{A61A10E0-1F84-4304-BA8B-6EDD754C22B9}.Debug|Any CPU.ActiveCfg = Debug|Any CPU
		{A61A10E0-1F84-4304-BA8B-6EDD754C22B9}.Debug|Any CPU.Build.0 = Debug|Any CPU
		{A61A10E0-1F84-4304-BA8B-6EDD754C22B9}.Debug|x64.ActiveCfg = Debug|Any CPU
		{A61A10E0-1F84-4304-BA8B-6EDD754C22B9}.Debug|x64.Build.0 = Debug|Any CPU
		{A61A10E0-1F84-4304-BA8B-6EDD754C22B9}.Debug|x86.ActiveCfg = Debug|Any CPU
		{A61A10E0-1F84-4304-BA8B-6EDD754C22B9}.Debug|x86.Build.0 = Debug|Any CPU
		{A61A10E0-1F84-4304-BA8B-6EDD754C22B9}.Release|Any CPU.ActiveCfg = Release|Any CPU
		{A61A10E0-1F84-4304-BA8B-6EDD754C22B9}.Release|Any CPU.Build.0 = Release|Any CPU
		{A61A10E0-1F84-4304-BA8B-6EDD754C22B9}.Release|x64.ActiveCfg = Release|Any CPU
		{A61A10E0-1F84-4304-BA8B-6EDD754C22B9}.Release|x64.Build.0 = Release|Any CPU
		{A61A10E0-1F84-4304-BA8B-6EDD754C22B9}.Release|x86.ActiveCfg = Release|Any CPU
		{A61A10E0-1F84-4304-BA8B-6EDD754C22B9}.Release|x86.Build.0 = Release|Any CPU
		{AE68660E-C055-46EE-836E-3E173EEBCB89}.Debug|Any CPU.ActiveCfg = Debug|Any CPU
		{AE68660E-C055-46EE-836E-3E173EEBCB89}.Debug|Any CPU.Build.0 = Debug|Any CPU
		{AE68660E-C055-46EE-836E-3E173EEBCB89}.Debug|x64.ActiveCfg = Debug|Any CPU
		{AE68660E-C055-46EE-836E-3E173EEBCB89}.Debug|x64.Build.0 = Debug|Any CPU
		{AE68660E-C055-46EE-836E-3E173EEBCB89}.Debug|x86.ActiveCfg = Debug|Any CPU
		{AE68660E-C055-46EE-836E-3E173EEBCB89}.Debug|x86.Build.0 = Debug|Any CPU
		{AE68660E-C055-46EE-836E-3E173EEBCB89}.Release|Any CPU.ActiveCfg = Release|Any CPU
		{AE68660E-C055-46EE-836E-3E173EEBCB89}.Release|Any CPU.Build.0 = Release|Any CPU
		{AE68660E-C055-46EE-836E-3E173EEBCB89}.Release|x64.ActiveCfg = Release|Any CPU
		{AE68660E-C055-46EE-836E-3E173EEBCB89}.Release|x64.Build.0 = Release|Any CPU
		{AE68660E-C055-46EE-836E-3E173EEBCB89}.Release|x86.ActiveCfg = Release|Any CPU
		{AE68660E-C055-46EE-836E-3E173EEBCB89}.Release|x86.Build.0 = Release|Any CPU
		{1F76B787-A1A7-434C-9727-2A71130CCC9A}.Debug|Any CPU.ActiveCfg = Debug|Any CPU
		{1F76B787-A1A7-434C-9727-2A71130CCC9A}.Debug|Any CPU.Build.0 = Debug|Any CPU
		{1F76B787-A1A7-434C-9727-2A71130CCC9A}.Debug|x64.ActiveCfg = Debug|Any CPU
		{1F76B787-A1A7-434C-9727-2A71130CCC9A}.Debug|x64.Build.0 = Debug|Any CPU
		{1F76B787-A1A7-434C-9727-2A71130CCC9A}.Debug|x86.ActiveCfg = Debug|Any CPU
		{1F76B787-A1A7-434C-9727-2A71130CCC9A}.Debug|x86.Build.0 = Debug|Any CPU
		{1F76B787-A1A7-434C-9727-2A71130CCC9A}.Release|Any CPU.ActiveCfg = Release|Any CPU
		{1F76B787-A1A7-434C-9727-2A71130CCC9A}.Release|Any CPU.Build.0 = Release|Any CPU
		{1F76B787-A1A7-434C-9727-2A71130CCC9A}.Release|x64.ActiveCfg = Release|Any CPU
		{1F76B787-A1A7-434C-9727-2A71130CCC9A}.Release|x64.Build.0 = Release|Any CPU
		{1F76B787-A1A7-434C-9727-2A71130CCC9A}.Release|x86.ActiveCfg = Release|Any CPU
		{1F76B787-A1A7-434C-9727-2A71130CCC9A}.Release|x86.Build.0 = Release|Any CPU
		{55A65066-CF93-4355-A3CF-BD043B589708}.Debug|Any CPU.ActiveCfg = Debug|Any CPU
		{55A65066-CF93-4355-A3CF-BD043B589708}.Debug|Any CPU.Build.0 = Debug|Any CPU
		{55A65066-CF93-4355-A3CF-BD043B589708}.Debug|x64.ActiveCfg = Debug|Any CPU
		{55A65066-CF93-4355-A3CF-BD043B589708}.Debug|x64.Build.0 = Debug|Any CPU
		{55A65066-CF93-4355-A3CF-BD043B589708}.Debug|x86.ActiveCfg = Debug|Any CPU
		{55A65066-CF93-4355-A3CF-BD043B589708}.Debug|x86.Build.0 = Debug|Any CPU
		{55A65066-CF93-4355-A3CF-BD043B589708}.Release|Any CPU.ActiveCfg = Release|Any CPU
		{55A65066-CF93-4355-A3CF-BD043B589708}.Release|Any CPU.Build.0 = Release|Any CPU
		{55A65066-CF93-4355-A3CF-BD043B589708}.Release|x64.ActiveCfg = Release|Any CPU
		{55A65066-CF93-4355-A3CF-BD043B589708}.Release|x64.Build.0 = Release|Any CPU
		{55A65066-CF93-4355-A3CF-BD043B589708}.Release|x86.ActiveCfg = Release|Any CPU
		{55A65066-CF93-4355-A3CF-BD043B589708}.Release|x86.Build.0 = Release|Any CPU
	EndGlobalSection
	GlobalSection(SolutionProperties) = preSolution
		HideSolutionNode = FALSE
	EndGlobalSection
	GlobalSection(NestedProjects) = preSolution
		{62488563-FA0C-482E-A176-3E61E57AE57C} = {44905836-819F-4E52-BF6F-5A861C8EB811}
		{3C22782F-A772-4014-9811-8628A0C5C91C} = {44905836-819F-4E52-BF6F-5A861C8EB811}
		{D0CE422B-0590-457E-82FB-4B7EB7687E69} = {3C22782F-A772-4014-9811-8628A0C5C91C}
		{72E08F90-3980-478D-B400-D9096165ACF4} = {3C22782F-A772-4014-9811-8628A0C5C91C}
		{E0E7845D-4B9B-476F-87D0-3838B2CFE975} = {44905836-819F-4E52-BF6F-5A861C8EB811}
		{2F6EE78C-BFE5-4E2B-8CC3-1CD65961032A} = {E0E7845D-4B9B-476F-87D0-3838B2CFE975}
		{7571FDE8-35A2-4886-9EDC-BC8670FB1C05} = {44905836-819F-4E52-BF6F-5A861C8EB811}
		{A61A10E0-1F84-4304-BA8B-6EDD754C22B9} = {7571FDE8-35A2-4886-9EDC-BC8670FB1C05}
		{AE68660E-C055-46EE-836E-3E173EEBCB89} = {7571FDE8-35A2-4886-9EDC-BC8670FB1C05}
		{1F76B787-A1A7-434C-9727-2A71130CCC9A} = {E0E7845D-4B9B-476F-87D0-3838B2CFE975}
		{55A65066-CF93-4355-A3CF-BD043B589708} = {62488563-FA0C-482E-A176-3E61E57AE57C}
	EndGlobalSection
	GlobalSection(ExtensibilityGlobals) = postSolution
		SolutionGuid = {9F8EA7AE-9654-4977-B3C9-8C70C10A105F}
	EndGlobalSection
EndGlobal
